<?xml version="1.0" encoding="utf-8"?>
<Project ToolsVersion="16.0" xmlns="http://schemas.microsoft.com/developer/msbuild/2003">
  <ItemGroup>
    <CustomBuild Include="C:\dev\LIB\bld\sfml-build\CMakeFiles\0bee018cbf587a3f23bc4bf9e7f89843\INSTALL_force.rule">
      <Filter>CMake Rules</Filter>
    </CustomBuild>
  </ItemGroup>
  <ItemGroup>
    <Filter Include="CMake Rules">
      <UniqueIdentifier>{A54988C9-B0B8-3010-ADE3-98450931E8B4}</UniqueIdentifier>
    </Filter>
  </ItemGroup>
</Project>
