<?xml version="1.0" encoding="utf-8"?>
<Project ToolsVersion="16.0" xmlns="http://schemas.microsoft.com/developer/msbuild/2003">
  <ItemGroup>
    <ClCompile Include="C:\dev\LIB\src\SFML-2.5.1\src\SFML\Main\MainWin32.cpp">
      <Filter>Source Files</Filter>
    </ClCompile>
  </ItemGroup>
  <ItemGroup>
    <CustomBuild Include="C:\dev\LIB\src\SFML-2.5.1\src\SFML\Main\CMakeLists.txt" />
  </ItemGroup>
  <ItemGroup>
    <Filter Include="Source Files">
      <UniqueIdentifier>{9AF2D617-AACD-3AEF-ABAC-F975AD6F40EA}</UniqueIdentifier>
    </Filter>
  </ItemGroup>
</Project>
